
Microsoft Visual Studio Solution File, Format Version 12.00
# Visual Studio Version 17
VisualStudioVersion = 17.9.34622.214
MinimumVisualStudioVersion = 10.0.40219.1
Project("{888888A0-9F3D-457C-B088-3A5042F75D52}") = "mem336bot", "mem336bot\mem336bot.pyproj", "{23646210-695D-4CA1-85C0-3D180F69697E}"
EndProject
Global
	GlobalSection(SolutionConfigurationPlatforms) = preSolution
		Debug|Any CPU = Debug|Any CPU
		Release|Any CPU = Release|Any CPU
	EndGlobalSection
	GlobalSection(ProjectConfigurationPlatforms) = postSolution
		{23646210-695D-4CA1-85C0-3D180F69697E}.Debug|Any CPU.ActiveCfg = Debug|Any CPU
		{23646210-695D-4CA1-85C0-3D180F69697E}.Release|Any CPU.ActiveCfg = Release|Any CPU
	EndGlobalSection
	GlobalSection(SolutionProperties) = preSolution
		HideSolutionNode = FALSE
	EndGlobalSection
	GlobalSection(ExtensibilityGlobals) = postSolution
		SolutionGuid = {E1170FFE-74E5-4E6D-BDFB-990BDE1016DC}
	EndGlobalSection
EndGlobal
